
Microsoft Visual Studio Solution File, Format Version 12.00
# Visual Studio Version 16
VisualStudioVersion = 16.0.30717.126
MinimumVisualStudioVersion = 10.0.40219.1
Project("{9A19103F-16F7-4668-BE54-9A1E7A4F7556}") = "GrpcGreeter", "GrpcGreeter\GrpcGreeter.csproj", "{E610E578-A636-4A02-9E1F-9D3E592C36BC}"
EndProject
Project("{9A19103F-16F7-4668-BE54-9A1E7A4F7556}") = "GrpcGreeterClient", "GrpcGreeterClient\GrpcGreeterClient.csproj", "{9D248FCE-C310-42F4-970C-3CFDF5E94005}"
	ProjectSection(ProjectDependencies) = postProject
		{E610E578-A636-4A02-9E1F-9D3E592C36BC} = {E610E578-A636-4A02-9E1F-9D3E592C36BC}
	EndProjectSection
EndProject
Project("{9A19103F-16F7-4668-BE54-9A1E7A4F7556}") = "PubSub.SubscriberConsole", "PubSubClient\PubSub.SubscriberConsole.csproj", "{E041D2AD-8CA5-425C-A9D2-E28FFEA10C40}"
EndProject
Project("{9A19103F-16F7-4668-BE54-9A1E7A4F7556}") = "PubSub.ServerConsole", "PubSubServer\PubSub.ServerConsole.csproj", "{B9FDB779-A56D-436A-B9F5-77F5A4F8EAB7}"
EndProject
Project("{9A19103F-16F7-4668-BE54-9A1E7A4F7556}") = "PubSub.ServiceApi", "PubSubServiceApi\PubSub.ServiceApi.csproj", "{E4AFD767-4F76-486F-8425-F84072319EFF}"
EndProject
Project("{2150E333-8FDC-42A3-9474-1A3956D46DE8}") = "HelloWorld", "HelloWorld", "{43432CF5-DACB-47FF-AD05-4548025A8281}"
EndProject
Project("{FAE04EC0-301F-11D3-BF4B-00C04F79EFBC}") = "PubSub.DemoPublisherConsole", "PublisherConsoleClient\PubSub.DemoPublisherConsole.csproj", "{7150CCEC-B881-48F2-92BB-C93DC8C91AE6}"
EndProject
Project("{FAE04EC0-301F-11D3-BF4B-00C04F79EFBC}") = "PubSub.Tests", "PubSub.Tests\PubSub.Tests.csproj", "{5EDB07B3-3A32-4FBF-8F1D-9803933435D5}"
EndProject
Global
	GlobalSection(SolutionConfigurationPlatforms) = preSolution
		Debug|Any CPU = Debug|Any CPU
		Release|Any CPU = Release|Any CPU
	EndGlobalSection
	GlobalSection(ProjectConfigurationPlatforms) = postSolution
		{E610E578-A636-4A02-9E1F-9D3E592C36BC}.Debug|Any CPU.ActiveCfg = Debug|Any CPU
		{E610E578-A636-4A02-9E1F-9D3E592C36BC}.Debug|Any CPU.Build.0 = Debug|Any CPU
		{E610E578-A636-4A02-9E1F-9D3E592C36BC}.Release|Any CPU.ActiveCfg = Release|Any CPU
		{E610E578-A636-4A02-9E1F-9D3E592C36BC}.Release|Any CPU.Build.0 = Release|Any CPU
		{9D248FCE-C310-42F4-970C-3CFDF5E94005}.Debug|Any CPU.ActiveCfg = Debug|Any CPU
		{9D248FCE-C310-42F4-970C-3CFDF5E94005}.Debug|Any CPU.Build.0 = Debug|Any CPU
		{9D248FCE-C310-42F4-970C-3CFDF5E94005}.Release|Any CPU.ActiveCfg = Release|Any CPU
		{9D248FCE-C310-42F4-970C-3CFDF5E94005}.Release|Any CPU.Build.0 = Release|Any CPU
		{E041D2AD-8CA5-425C-A9D2-E28FFEA10C40}.Debug|Any CPU.ActiveCfg = Debug|Any CPU
		{E041D2AD-8CA5-425C-A9D2-E28FFEA10C40}.Debug|Any CPU.Build.0 = Debug|Any CPU
		{E041D2AD-8CA5-425C-A9D2-E28FFEA10C40}.Release|Any CPU.ActiveCfg = Release|Any CPU
		{E041D2AD-8CA5-425C-A9D2-E28FFEA10C40}.Release|Any CPU.Build.0 = Release|Any CPU
		{B9FDB779-A56D-436A-B9F5-77F5A4F8EAB7}.Debug|Any CPU.ActiveCfg = Debug|Any CPU
		{B9FDB779-A56D-436A-B9F5-77F5A4F8EAB7}.Debug|Any CPU.Build.0 = Debug|Any CPU
		{B9FDB779-A56D-436A-B9F5-77F5A4F8EAB7}.Release|Any CPU.ActiveCfg = Release|Any CPU
		{B9FDB779-A56D-436A-B9F5-77F5A4F8EAB7}.Release|Any CPU.Build.0 = Release|Any CPU
		{E4AFD767-4F76-486F-8425-F84072319EFF}.Debug|Any CPU.ActiveCfg = Debug|Any CPU
		{E4AFD767-4F76-486F-8425-F84072319EFF}.Debug|Any CPU.Build.0 = Debug|Any CPU
		{E4AFD767-4F76-486F-8425-F84072319EFF}.Release|Any CPU.ActiveCfg = Release|Any CPU
		{E4AFD767-4F76-486F-8425-F84072319EFF}.Release|Any CPU.Build.0 = Release|Any CPU
		{7150CCEC-B881-48F2-92BB-C93DC8C91AE6}.Debug|Any CPU.ActiveCfg = Debug|Any CPU
		{7150CCEC-B881-48F2-92BB-C93DC8C91AE6}.Debug|Any CPU.Build.0 = Debug|Any CPU
		{7150CCEC-B881-48F2-92BB-C93DC8C91AE6}.Release|Any CPU.ActiveCfg = Release|Any CPU
		{7150CCEC-B881-48F2-92BB-C93DC8C91AE6}.Release|Any CPU.Build.0 = Release|Any CPU
		{5EDB07B3-3A32-4FBF-8F1D-9803933435D5}.Debug|Any CPU.ActiveCfg = Debug|Any CPU
		{5EDB07B3-3A32-4FBF-8F1D-9803933435D5}.Debug|Any CPU.Build.0 = Debug|Any CPU
		{5EDB07B3-3A32-4FBF-8F1D-9803933435D5}.Release|Any CPU.ActiveCfg = Release|Any CPU
		{5EDB07B3-3A32-4FBF-8F1D-9803933435D5}.Release|Any CPU.Build.0 = Release|Any CPU
	EndGlobalSection
	GlobalSection(SolutionProperties) = preSolution
		HideSolutionNode = FALSE
	EndGlobalSection
	GlobalSection(NestedProjects) = preSolution
		{E610E578-A636-4A02-9E1F-9D3E592C36BC} = {43432CF5-DACB-47FF-AD05-4548025A8281}
		{9D248FCE-C310-42F4-970C-3CFDF5E94005} = {43432CF5-DACB-47FF-AD05-4548025A8281}
	EndGlobalSection
	GlobalSection(ExtensibilityGlobals) = postSolution
		SolutionGuid = {DE63672C-0CF4-4994-8F29-49A47EBAA7CD}
	EndGlobalSection
EndGlobal
